{
    "_readme": [
        "This file locks the dependencies of your project to a known state",
        "Read more about it at https://getcomposer.org/doc/01-basic-usage.md#composer-lock-the-lock-file",
        "This file is @generated automatically"
    ],
    "content-hash": "de5cbb1905452a641efc2451096df9c6",
    "packages": [
        {
            "name": "brainstormit/bitbuilder",
            "version": "v1.3",
            "source": {
                "type": "git",
                "url": "https://github.com/BrainstormIT/BITbuilder.git",
                "reference": "ae7b59c7a2d6ec49979fc16a6aafec3ae3b90d4f"
            },
            "dist": {
                "type": "zip",
                "url": "https://api.github.com/repos/BrainstormIT/BITbuilder/zipball/ae7b59c7a2d6ec49979fc16a6aafec3ae3b90d4f",
                "reference": "ae7b59c7a2d6ec49979fc16a6aafec3ae3b90d4f",
                "shasum": ""
            },
            "require": {
                "php": ">=5.0.0"
            },
            "require-dev": {
                "php": ">=5.0.0"
            },
            "type": "library",
            "autoload": {
                "classmap": [
                    "src/core/Builder.php",
                    "src/core/Query.php",
                    "src/helpers/Arr.php",
                    "src/helpers/Database.php",
                    "src/helpers/Str.php"
                ]
            },
            "notification-url": "https://packagist.org/downloads/",
            "license": [
                "MIT"
            ],
            "authors": [
                {
                    "name": "Dennis Slimmers",
                    "email": "dennis@brainstormit.nl"
                },
                {
                    "name": "Bas van der Ploeg",
                    "email": "bas@brainstormit.nl"
                },
                {
                    "name": "Xander Dijk",
                    "email": "xander@brainstormit.nl"
                }
            ],
            "description": "Easy to read querybuilder with a short learning curve!",
            "homepage": "https://github.com/BrainstormIT/BITbuilder",
            "time": "2017-04-24T12:47:03+00:00"
        },
        {
            "name": "tracy/tracy",
            "version": "v2.4.6",
            "source": {
                "type": "git",
                "url": "https://github.com/nette/tracy.git",
                "reference": "c9fbca15b0a11d904c7783b7aad114182618d8d4"
            },
            "dist": {
                "type": "zip",
                "url": "https://api.github.com/repos/nette/tracy/zipball/c9fbca15b0a11d904c7783b7aad114182618d8d4",
                "reference": "c9fbca15b0a11d904c7783b7aad114182618d8d4",
                "shasum": ""
            },
            "require": {
                "ext-json": "*",
                "ext-session": "*",
                "php": ">=5.4.4"
            },
            "require-dev": {
                "nette/di": "~2.3",
                "nette/tester": "~2.0"
            },
            "type": "library",
            "extra": {
                "branch-alias": {
                    "dev-master": "2.4-dev"
                }
            },
            "autoload": {
                "classmap": [
                    "src"
                ],
                "files": [
                    "src/shortcuts.php"
                ]
            },
            "notification-url": "https://packagist.org/downloads/",
            "license": [
                "BSD-3-Clause",
                "GPL-2.0",
                "GPL-3.0"
            ],
            "authors": [
                {
                    "name": "David Grudl",
                    "homepage": "https://davidgrudl.com"
                },
                {
                    "name": "Nette Community",
                    "homepage": "https://nette.org/contributors"
                }
            ],
            "description": "Tracy: useful PHP debugger",
            "homepage": "https://tracy.nette.org",
            "keywords": [
                "debug",
                "debugger",
                "nette"
            ],
            "time": "2017-01-29T19:39:20+00:00"
        }
    ],
    "packages-dev": [],
    "aliases": [],
    "minimum-stability": "stable",
    "stability-flags": [],
    "prefer-stable": false,
    "prefer-lowest": false,
    "platform": [],
    "platform-dev": []
}
